
Microsoft Visual Studio Solution File, Format Version 11.00
# Visual Studio 2010
Project("{FAE04EC0-301F-11D3-BF4B-00C04F79EFBC}") = "Projet", "Projet\Projet.csproj", "{82F5007A-9628-4547-A8D4-4A351D142033}"
EndProject
Global
	GlobalSection(SolutionConfigurationPlatforms) = preSolution
		Debug|Any CPU = Debug|Any CPU
		Release|Any CPU = Release|Any CPU
	EndGlobalSection
	GlobalSection(ProjectConfigurationPlatforms) = postSolution
		{82F5007A-9628-4547-A8D4-4A351D142033}.Debug|Any CPU.ActiveCfg = Debug|Any CPU
		{82F5007A-9628-4547-A8D4-4A351D142033}.Debug|Any CPU.Build.0 = Debug|Any CPU
		{82F5007A-9628-4547-A8D4-4A351D142033}.Release|Any CPU.ActiveCfg = Release|Any CPU
		{82F5007A-9628-4547-A8D4-4A351D142033}.Release|Any CPU.Build.0 = Release|Any CPU
	EndGlobalSection
	GlobalSection(SolutionProperties) = preSolution
		HideSolutionNode = FALSE
	EndGlobalSection
EndGlobal
